// !$*UTF8*$!
{
	archiveVersion = 1;
	classes = {
	};
	objectVersion = 60;
	objects = {

/* Begin PBXBuildFile section */
		F23286DD2C30E3F400751B7E /* Track.swift in Sources */ = {isa = PBXBuildFile; fileRef = F23286DC2C30E3F400751B7E /* Track.swift */; };
		F23286DF2C30E48200751B7E /* ModelData.swift in Sources */ = {isa = PBXBuildFile; fileRef = F23286DE2C30E48200751B7E /* ModelData.swift */; };
		F23286E12C30E55F00751B7E /* tracksData.json in Resources */ = {isa = PBXBuildFile; fileRef = F23286E02C30E55F00751B7E /* tracksData.json */; };
		F23286E62C30EAC200751B7E /* TrackRow.swift in Sources */ = {isa = PBXBuildFile; fileRef = F23286E52C30EAC200751B7E /* TrackRow.swift */; };
		F23286E82C30EBC400751B7E /* TrackList.swift in Sources */ = {isa = PBXBuildFile; fileRef = F23286E72C30EBC400751B7E /* TrackList.swift */; };
		F23286EA2C30ECE800751B7E /* TrackDetail.swift in Sources */ = {isa = PBXBuildFile; fileRef = F23286E92C30ECE800751B7E /* TrackDetail.swift */; };
		F23286ED2C30EF6700751B7E /* field trip 12.21..mp3 in Resources */ = {isa = PBXBuildFile; fileRef = F23286EC2C30EF6700751B7E /* field trip 12.21..mp3 */; };
		F23286EF2C30EFDD00751B7E /* Juice_Wrld_-_bigger_v1.5_margate167.mp3 in Resources */ = {isa = PBXBuildFile; fileRef = F23286EE2C30EFDD00751B7E /* Juice_Wrld_-_bigger_v1.5_margate167.mp3 */; };
		F29D9AC92C2FC8A200F30232 /* COOLAPPApp.swift in Sources */ = {isa = PBXBuildFile; fileRef = F29D9AC82C2FC8A200F30232 /* COOLAPPApp.swift */; };
		F29D9ACB2C2FC8A200F30232 /* ContentView.swift in Sources */ = {isa = PBXBuildFile; fileRef = F29D9ACA2C2FC8A200F30232 /* ContentView.swift */; };
		F29D9ACD2C2FC8A400F30232 /* Assets.xcassets in Resources */ = {isa = PBXBuildFile; fileRef = F29D9ACC2C2FC8A400F30232 /* Assets.xcassets */; };
		F29D9AD02C2FC8A400F30232 /* Preview Assets.xcassets in Resources */ = {isa = PBXBuildFile; fileRef = F29D9ACF2C2FC8A400F30232 /* Preview Assets.xcassets */; };
		F29D9ADA2C2FC8A500F30232 /* COOLAPPTests.swift in Sources */ = {isa = PBXBuildFile; fileRef = F29D9AD92C2FC8A500F30232 /* COOLAPPTests.swift */; };
		F29D9AE42C2FC8A500F30232 /* COOLAPPUITests.swift in Sources */ = {isa = PBXBuildFile; fileRef = F29D9AE32C2FC8A500F30232 /* COOLAPPUITests.swift */; };
		F29D9AE62C2FC8A500F30232 /* COOLAPPUITestsLaunchTests.swift in Sources */ = {isa = PBXBuildFile; fileRef = F29D9AE52C2FC8A500F30232 /* COOLAPPUITestsLaunchTests.swift */; };
		F29D9AFD2C2FD4A700F30232 /* AlbumArt.swift in Sources */ = {isa = PBXBuildFile; fileRef = F29D9AFC2C2FD4A700F30232 /* AlbumArt.swift */; };
/* End PBXBuildFile section */

/* Begin PBXContainerItemProxy section */
		F29D9AD62C2FC8A500F30232 /* PBXContainerItemProxy */ = {
			isa = PBXContainerItemProxy;
			containerPortal = F29D9ABD2C2FC8A200F30232 /* Project object */;
			proxyType = 1;
			remoteGlobalIDString = F29D9AC42C2FC8A200F30232;
			remoteInfo = COOLAPP;
		};
		F29D9AE02C2FC8A500F30232 /* PBXContainerItemProxy */ = {
			isa = PBXContainerItemProxy;
			containerPortal = F29D9ABD2C2FC8A200F30232 /* Project object */;
			proxyType = 1;
			remoteGlobalIDString = F29D9AC42C2FC8A200F30232;
			remoteInfo = COOLAPP;
		};
/* End PBXContainerItemProxy section */

/* Begin PBXFileReference section */
		F23286DC2C30E3F400751B7E /* Track.swift */ = {isa = PBXFileReference; lastKnownFileType = sourcecode.swift; path = Track.swift; sourceTree = "<group>"; };
		F23286DE2C30E48200751B7E /* ModelData.swift */ = {isa = PBXFileReference; lastKnownFileType = sourcecode.swift; path = ModelData.swift; sourceTree = "<group>"; };
		F23286E02C30E55F00751B7E /* tracksData.json */ = {isa = PBXFileReference; lastKnownFileType = text.json; path = tracksData.json; sourceTree = "<group>"; };
		F23286E52C30EAC200751B7E /* TrackRow.swift */ = {isa = PBXFileReference; lastKnownFileType = sourcecode.swift; path = TrackRow.swift; sourceTree = "<group>"; };
		F23286E72C30EBC400751B7E /* TrackList.swift */ = {isa = PBXFileReference; lastKnownFileType = sourcecode.swift; path = TrackList.swift; sourceTree = "<group>"; };
		F23286E92C30ECE800751B7E /* TrackDetail.swift */ = {isa = PBXFileReference; lastKnownFileType = sourcecode.swift; path = TrackDetail.swift; sourceTree = "<group>"; };
		F23286EC2C30EF6700751B7E /* field trip 12.21..mp3 */ = {isa = PBXFileReference; lastKnownFileType = audio.mp3; path = "field trip 12.21..mp3"; sourceTree = "<group>"; };
		F23286EE2C30EFDD00751B7E /* Juice_Wrld_-_bigger_v1.5_margate167.mp3 */ = {isa = PBXFileReference; lastKnownFileType = audio.mp3; path = "Juice_Wrld_-_bigger_v1.5_margate167.mp3"; sourceTree = "<group>"; };
		F29D9AC52C2FC8A200F30232 /* COOLAPP.app */ = {isa = PBXFileReference; explicitFileType = wrapper.application; includeInIndex = 0; path = COOLAPP.app; sourceTree = BUILT_PRODUCTS_DIR; };
		F29D9AC82C2FC8A200F30232 /* COOLAPPApp.swift */ = {isa = PBXFileReference; lastKnownFileType = sourcecode.swift; path = COOLAPPApp.swift; sourceTree = "<group>"; };
		F29D9ACA2C2FC8A200F30232 /* ContentView.swift */ = {isa = PBXFileReference; lastKnownFileType = sourcecode.swift; path = ContentView.swift; sourceTree = "<group>"; };
		F29D9ACC2C2FC8A400F30232 /* Assets.xcassets */ = {isa = PBXFileReference; lastKnownFileType = folder.assetcatalog; path = Assets.xcassets; sourceTree = "<group>"; };
		F29D9ACF2C2FC8A400F30232 /* Preview Assets.xcassets */ = {isa = PBXFileReference; lastKnownFileType = folder.assetcatalog; path = "Preview Assets.xcassets"; sourceTree = "<group>"; };
		F29D9AD52C2FC8A500F30232 /* COOLAPPTests.xctest */ = {isa = PBXFileReference; explicitFileType = wrapper.cfbundle; includeInIndex = 0; path = COOLAPPTests.xctest; sourceTree = BUILT_PRODUCTS_DIR; };
		F29D9AD92C2FC8A500F30232 /* COOLAPPTests.swift */ = {isa = PBXFileReference; lastKnownFileType = sourcecode.swift; path = COOLAPPTests.swift; sourceTree = "<group>"; };
		F29D9ADF2C2FC8A500F30232 /* COOLAPPUITests.xctest */ = {isa = PBXFileReference; explicitFileType = wrapper.cfbundle; includeInIndex = 0; path = COOLAPPUITests.xctest; sourceTree = BUILT_PRODUCTS_DIR; };
		F29D9AE32C2FC8A500F30232 /* COOLAPPUITests.swift */ = {isa = PBXFileReference; lastKnownFileType = sourcecode.swift; path = COOLAPPUITests.swift; sourceTree = "<group>"; };
		F29D9AE52C2FC8A500F30232 /* COOLAPPUITestsLaunchTests.swift */ = {isa = PBXFileReference; lastKnownFileType = sourcecode.swift; path = COOLAPPUITestsLaunchTests.swift; sourceTree = "<group>"; };
		F29D9AFC2C2FD4A700F30232 /* AlbumArt.swift */ = {isa = PBXFileReference; lastKnownFileType = sourcecode.swift; path = AlbumArt.swift; sourceTree = "<group>"; };
/* End PBXFileReference section */

/* Begin PBXFrameworksBuildPhase section */
		F29D9AC22C2FC8A200F30232 /* Frameworks */ = {
			isa = PBXFrameworksBuildPhase;
			buildActionMask = 2147483647;
			files = (
			);
			runOnlyForDeploymentPostprocessing = 0;
		};
		F29D9AD22C2FC8A500F30232 /* Frameworks */ = {
			isa = PBXFrameworksBuildPhase;
			buildActionMask = 2147483647;
			files = (
			);
			runOnlyForDeploymentPostprocessing = 0;
		};
		F29D9ADC2C2FC8A500F30232 /* Frameworks */ = {
			isa = PBXFrameworksBuildPhase;
			buildActionMask = 2147483647;
			files = (
			);
			runOnlyForDeploymentPostprocessing = 0;
		};
/* End PBXFrameworksBuildPhase section */

/* Begin PBXGroup section */
		F23286E22C30E57300751B7E /* Views */ = {
			isa = PBXGroup;
			children = (
				F29D9ACA2C2FC8A200F30232 /* ContentView.swift */,
				F29D9AFC2C2FD4A700F30232 /* AlbumArt.swift */,
				F23286E52C30EAC200751B7E /* TrackRow.swift */,
				F23286E72C30EBC400751B7E /* TrackList.swift */,
				F23286E92C30ECE800751B7E /* TrackDetail.swift */,
			);
			path = Views;
			sourceTree = "<group>";
		};
		F23286E32C30E59C00751B7E /* Model */ = {
			isa = PBXGroup;
			children = (
				F23286DC2C30E3F400751B7E /* Track.swift */,
				F23286DE2C30E48200751B7E /* ModelData.swift */,
			);
			path = Model;
			sourceTree = "<group>";
		};
		F23286E42C30E5A600751B7E /* Resources */ = {
			isa = PBXGroup;
			children = (
				F23286E02C30E55F00751B7E /* tracksData.json */,
			);
			path = Resources;
			sourceTree = "<group>";
		};
		F23286EB2C30EF5400751B7E /* Media */ = {
			isa = PBXGroup;
			children = (
				F23286EC2C30EF6700751B7E /* field trip 12.21..mp3 */,
				F23286EE2C30EFDD00751B7E /* Juice_Wrld_-_bigger_v1.5_margate167.mp3 */,
			);
			path = Media;
			sourceTree = "<group>";
		};
		F29D9ABC2C2FC8A200F30232 = {
			isa = PBXGroup;
			children = (
				F29D9AC72C2FC8A200F30232 /* COOLAPP */,
				F29D9AD82C2FC8A500F30232 /* COOLAPPTests */,
				F29D9AE22C2FC8A500F30232 /* COOLAPPUITests */,
				F29D9AC62C2FC8A200F30232 /* Products */,
			);
			sourceTree = "<group>";
		};
		F29D9AC62C2FC8A200F30232 /* Products */ = {
			isa = PBXGroup;
			children = (
				F29D9AC52C2FC8A200F30232 /* COOLAPP.app */,
				F29D9AD52C2FC8A500F30232 /* COOLAPPTests.xctest */,
				F29D9ADF2C2FC8A500F30232 /* COOLAPPUITests.xctest */,
			);
			name = Products;
			sourceTree = "<group>";
		};
		F29D9AC72C2FC8A200F30232 /* COOLAPP */ = {
			isa = PBXGroup;
			children = (
				F29E41E02C3505980005C026 /* API */,
				F23286EB2C30EF5400751B7E /* Media */,
				F23286E42C30E5A600751B7E /* Resources */,
				F23286E32C30E59C00751B7E /* Model */,
				F23286E22C30E57300751B7E /* Views */,
				F29D9AC82C2FC8A200F30232 /* COOLAPPApp.swift */,
				F29D9ACC2C2FC8A400F30232 /* Assets.xcassets */,
				F29D9ACE2C2FC8A400F30232 /* Preview Content */,
			);
			path = COOLAPP;
			sourceTree = "<group>";
		};
		F29D9ACE2C2FC8A400F30232 /* Preview Content */ = {
			isa = PBXGroup;
			children = (
				F29D9ACF2C2FC8A400F30232 /* Preview Assets.xcassets */,
			);
			path = "Preview Content";
			sourceTree = "<group>";
		};
		F29D9AD82C2FC8A500F30232 /* COOLAPPTests */ = {
			isa = PBXGroup;
			children = (
				F29D9AD92C2FC8A500F30232 /* COOLAPPTests.swift */,
			);
			path = COOLAPPTests;
			sourceTree = "<group>";
		};
		F29D9AE22C2FC8A500F30232 /* COOLAPPUITests */ = {
			isa = PBXGroup;
			children = (
				F29D9AE32C2FC8A500F30232 /* COOLAPPUITests.swift */,
				F29D9AE52C2FC8A500F30232 /* COOLAPPUITestsLaunchTests.swift */,
			);
			path = COOLAPPUITests;
			sourceTree = "<group>";
		};
		F29E41E02C3505980005C026 /* API */ = {
			isa = PBXGroup;
			children = (
			);
			path = API;
			sourceTree = "<group>";
		};
/* End PBXGroup section */

/* Begin PBXNativeTarget section */
		F29D9AC42C2FC8A200F30232 /* COOLAPP */ = {
			isa = PBXNativeTarget;
			buildConfigurationList = F29D9AE92C2FC8A500F30232 /* Build configuration list for PBXNativeTarget "COOLAPP" */;
			buildPhases = (
				F29D9AC12C2FC8A200F30232 /* Sources */,
				F29D9AC22C2FC8A200F30232 /* Frameworks */,
				F29D9AC32C2FC8A200F30232 /* Resources */,
			);
			buildRules = (
			);
			dependencies = (
			);
			name = COOLAPP;
			productName = COOLAPP;
			productReference = F29D9AC52C2FC8A200F30232 /* COOLAPP.app */;
			productType = "com.apple.product-type.application";
		};
		F29D9AD42C2FC8A500F30232 /* COOLAPPTests */ = {
			isa = PBXNativeTarget;
			buildConfigurationList = F29D9AEC2C2FC8A500F30232 /* Build configuration list for PBXNativeTarget "COOLAPPTests" */;
			buildPhases = (
				F29D9AD12C2FC8A500F30232 /* Sources */,
				F29D9AD22C2FC8A500F30232 /* Frameworks */,
				F29D9AD32C2FC8A500F30232 /* Resources */,
			);
			buildRules = (
			);
			dependencies = (
				F29D9AD72C2FC8A500F30232 /* PBXTargetDependency */,
			);
			name = COOLAPPTests;
			productName = COOLAPPTests;
			productReference = F29D9AD52C2FC8A500F30232 /* COOLAPPTests.xctest */;
			productType = "com.apple.product-type.bundle.unit-test";
		};
		F29D9ADE2C2FC8A500F30232 /* COOLAPPUITests */ = {
			isa = PBXNativeTarget;
			buildConfigurationList = F29D9AEF2C2FC8A500F30232 /* Build configuration list for PBXNativeTarget "COOLAPPUITests" */;
			buildPhases = (
				F29D9ADB2C2FC8A500F30232 /* Sources */,
				F29D9ADC2C2FC8A500F30232 /* Frameworks */,
				F29D9ADD2C2FC8A500F30232 /* Resources */,
			);
			buildRules = (
			);
			dependencies = (
				F29D9AE12C2FC8A500F30232 /* PBXTargetDependency */,
			);
			name = COOLAPPUITests;
			productName = COOLAPPUITests;
			productReference = F29D9ADF2C2FC8A500F30232 /* COOLAPPUITests.xctest */;
			productType = "com.apple.product-type.bundle.ui-testing";
		};
/* End PBXNativeTarget section */

/* Begin PBXProject section */
		F29D9ABD2C2FC8A200F30232 /* Project object */ = {
			isa = PBXProject;
			attributes = {
				BuildIndependentTargetsInParallel = 1;
				LastSwiftUpdateCheck = 1600;
				LastUpgradeCheck = 1600;
				TargetAttributes = {
					F29D9AC42C2FC8A200F30232 = {
						CreatedOnToolsVersion = 16.0;
					};
					F29D9AD42C2FC8A500F30232 = {
						CreatedOnToolsVersion = 16.0;
						TestTargetID = F29D9AC42C2FC8A200F30232;
					};
					F29D9ADE2C2FC8A500F30232 = {
						CreatedOnToolsVersion = 16.0;
						TestTargetID = F29D9AC42C2FC8A200F30232;
					};
				};
			};
			buildConfigurationList = F29D9AC02C2FC8A200F30232 /* Build configuration list for PBXProject "COOLAPP" */;
			compatibilityVersion = "Xcode 15.0";
			developmentRegion = en;
			hasScannedForEncodings = 0;
			knownRegions = (
				en,
				Base,
			);
			mainGroup = F29D9ABC2C2FC8A200F30232;
			productRefGroup = F29D9AC62C2FC8A200F30232 /* Products */;
			projectDirPath = "";
			projectRoot = "";
			targets = (
				F29D9AC42C2FC8A200F30232 /* COOLAPP */,
				F29D9AD42C2FC8A500F30232 /* COOLAPPTests */,
				F29D9ADE2C2FC8A500F30232 /* COOLAPPUITests */,
			);
		};
/* End PBXProject section */

/* Begin PBXResourcesBuildPhase section */
		F29D9AC32C2FC8A200F30232 /* Resources */ = {
			isa = PBXResourcesBuildPhase;
			buildActionMask = 2147483647;
			files = (
				F23286ED2C30EF6700751B7E /* field trip 12.21..mp3 in Resources */,
				F29D9AD02C2FC8A400F30232 /* Preview Assets.xcassets in Resources */,
				F23286E12C30E55F00751B7E /* tracksData.json in Resources */,
				F23286EF2C30EFDD00751B7E /* Juice_Wrld_-_bigger_v1.5_margate167.mp3 in Resources */,
				F29D9ACD2C2FC8A400F30232 /* Assets.xcassets in Resources */,
			);
			runOnlyForDeploymentPostprocessing = 0;
		};
		F29D9AD32C2FC8A500F30232 /* Resources */ = {
			isa = PBXResourcesBuildPhase;
			buildActionMask = 2147483647;
			files = (
			);
			runOnlyForDeploymentPostprocessing = 0;
		};
		F29D9ADD2C2FC8A500F30232 /* Resources */ = {
			isa = PBXResourcesBuildPhase;
			buildActionMask = 2147483647;
			files = (
			);
			runOnlyForDeploymentPostprocessing = 0;
		};
/* End PBXResourcesBuildPhase section */

/* Begin PBXSourcesBuildPhase section */
		F29D9AC12C2FC8A200F30232 /* Sources */ = {
			isa = PBXSourcesBuildPhase;
			buildActionMask = 2147483647;
			files = (
				F23286E62C30EAC200751B7E /* TrackRow.swift in Sources */,
				F29D9AFD2C2FD4A700F30232 /* AlbumArt.swift in Sources */,
				F29D9ACB2C2FC8A200F30232 /* ContentView.swift in Sources */,
				F23286DF2C30E48200751B7E /* ModelData.swift in Sources */,
				F23286EA2C30ECE800751B7E /* TrackDetail.swift in Sources */,
				F29D9AC92C2FC8A200F30232 /* COOLAPPApp.swift in Sources */,
				F23286DD2C30E3F400751B7E /* Track.swift in Sources */,
				F23286E82C30EBC400751B7E /* TrackList.swift in Sources */,
			);
			runOnlyForDeploymentPostprocessing = 0;
		};
		F29D9AD12C2FC8A500F30232 /* Sources */ = {
			isa = PBXSourcesBuildPhase;
			buildActionMask = 2147483647;
			files = (
				F29D9ADA2C2FC8A500F30232 /* COOLAPPTests.swift in Sources */,
			);
			runOnlyForDeploymentPostprocessing = 0;
		};
		F29D9ADB2C2FC8A500F30232 /* Sources */ = {
			isa = PBXSourcesBuildPhase;
			buildActionMask = 2147483647;
			files = (
				F29D9AE42C2FC8A500F30232 /* COOLAPPUITests.swift in Sources */,
				F29D9AE62C2FC8A500F30232 /* COOLAPPUITestsLaunchTests.swift in Sources */,
			);
			runOnlyForDeploymentPostprocessing = 0;
		};
/* End PBXSourcesBuildPhase section */

/* Begin PBXTargetDependency section */
		F29D9AD72C2FC8A500F30232 /* PBXTargetDependency */ = {
			isa = PBXTargetDependency;
			target = F29D9AC42C2FC8A200F30232 /* COOLAPP */;
			targetProxy = F29D9AD62C2FC8A500F30232 /* PBXContainerItemProxy */;
		};
		F29D9AE12C2FC8A500F30232 /* PBXTargetDependency */ = {
			isa = PBXTargetDependency;
			target = F29D9AC42C2FC8A200F30232 /* COOLAPP */;
			targetProxy = F29D9AE02C2FC8A500F30232 /* PBXContainerItemProxy */;
		};
/* End PBXTargetDependency section */

/* Begin XCBuildConfiguration section */
		F29D9AE72C2FC8A500F30232 /* Debug */ = {
			isa = XCBuildConfiguration;
			buildSettings = {
				ALWAYS_SEARCH_USER_PATHS = NO;
				ASSETCATALOG_COMPILER_GENERATE_SWIFT_ASSET_SYMBOL_EXTENSIONS = YES;
				CLANG_ANALYZER_NONNULL = YES;
				CLANG_ANALYZER_NUMBER_OBJECT_CONVERSION = YES_AGGRESSIVE;
				CLANG_CXX_LANGUAGE_STANDARD = "gnu++20";
				CLANG_ENABLE_MODULES = YES;
				CLANG_ENABLE_OBJC_ARC = YES;
				CLANG_ENABLE_OBJC_WEAK = YES;
				CLANG_WARN_BLOCK_CAPTURE_AUTORELEASING = YES;
				CLANG_WARN_BOOL_CONVERSION = YES;
				CLANG_WARN_COMMA = YES;
				CLANG_WARN_CONSTANT_CONVERSION = YES;
				CLANG_WARN_DEPRECATED_OBJC_IMPLEMENTATIONS = YES;
				CLANG_WARN_DIRECT_OBJC_ISA_USAGE = YES_ERROR;
				CLANG_WARN_DOCUMENTATION_COMMENTS = YES;
				CLANG_WARN_EMPTY_BODY = YES;
				CLANG_WARN_ENUM_CONVERSION = YES;
				CLANG_WARN_INFINITE_RECURSION = YES;
				CLANG_WARN_INT_CONVERSION = YES;
				CLANG_WARN_NON_LITERAL_NULL_CONVERSION = YES;
				CLANG_WARN_OBJC_IMPLICIT_RETAIN_SELF = YES;
				CLANG_WARN_OBJC_LITERAL_CONVERSION = YES;
				CLANG_WARN_OBJC_ROOT_CLASS = YES_ERROR;
				CLANG_WARN_QUOTED_INCLUDE_IN_FRAMEWORK_HEADER = YES;
				CLANG_WARN_RANGE_LOOP_ANALYSIS = YES;
				CLANG_WARN_STRICT_PROTOTYPES = YES;
				CLANG_WARN_SUSPICIOUS_MOVE = YES;
				CLANG_WARN_UNGUARDED_AVAILABILITY = YES_AGGRESSIVE;
				CLANG_WARN_UNREACHABLE_CODE = YES;
				CLANG_WARN__DUPLICATE_METHOD_MATCH = YES;
				COPY_PHASE_STRIP = NO;
				DEBUG_INFORMATION_FORMAT = dwarf;
				ENABLE_STRICT_OBJC_MSGSEND = YES;
				ENABLE_TESTABILITY = YES;
				ENABLE_USER_SCRIPT_SANDBOXING = YES;
				GCC_C_LANGUAGE_STANDARD = gnu17;
				GCC_DYNAMIC_NO_PIC = NO;
				GCC_NO_COMMON_BLOCKS = YES;
				GCC_OPTIMIZATION_LEVEL = 0;
				GCC_PREPROCESSOR_DEFINITIONS = (
					"DEBUG=1",
					"$(inherited)",
				);
				GCC_WARN_64_TO_32_BIT_CONVERSION = YES;
				GCC_WARN_ABOUT_RETURN_TYPE = YES_ERROR;
				GCC_WARN_UNDECLARED_SELECTOR = YES;
				GCC_WARN_UNINITIALIZED_AUTOS = YES_AGGRESSIVE;
				GCC_WARN_UNUSED_FUNCTION = YES;
				GCC_WARN_UNUSED_VARIABLE = YES;
				IPHONEOS_DEPLOYMENT_TARGET = 18.0;
				LOCALIZATION_PREFERS_STRING_CATALOGS = YES;
				MTL_ENABLE_DEBUG_INFO = INCLUDE_SOURCE;
				MTL_FAST_MATH = YES;
				ONLY_ACTIVE_ARCH = YES;
				SDKROOT = iphoneos;
				SWIFT_ACTIVE_COMPILATION_CONDITIONS = "DEBUG $(inherited)";
				SWIFT_OPTIMIZATION_LEVEL = "-Onone";
			};
			name = Debug;
		};
		F29D9AE82C2FC8A500F30232 /* Release */ = {
			isa = XCBuildConfiguration;
			buildSettings = {
				ALWAYS_SEARCH_USER_PATHS = NO;
				ASSETCATALOG_COMPILER_GENERATE_SWIFT_ASSET_SYMBOL_EXTENSIONS = YES;
				CLANG_ANALYZER_NONNULL = YES;
				CLANG_ANALYZER_NUMBER_OBJECT_CONVERSION = YES_AGGRESSIVE;
				CLANG_CXX_LANGUAGE_STANDARD = "gnu++20";
				CLANG_ENABLE_MODULES = YES;
				CLANG_ENABLE_OBJC_ARC = YES;
				CLANG_ENABLE_OBJC_WEAK = YES;
				CLANG_WARN_BLOCK_CAPTURE_AUTORELEASING = YES;
				CLANG_WARN_BOOL_CONVERSION = YES;
				CLANG_WARN_COMMA = YES;
				CLANG_WARN_CONSTANT_CONVERSION = YES;
				CLANG_WARN_DEPRECATED_OBJC_IMPLEMENTATIONS = YES;
				CLANG_WARN_DIRECT_OBJC_ISA_USAGE = YES_ERROR;
				CLANG_WARN_DOCUMENTATION_COMMENTS = YES;
				CLANG_WARN_EMPTY_BODY = YES;
				CLANG_WARN_ENUM_CONVERSION = YES;
				CLANG_WARN_INFINITE_RECURSION = YES;
				CLANG_WARN_INT_CONVERSION = YES;
				CLANG_WARN_NON_LITERAL_NULL_CONVERSION = YES;
				CLANG_WARN_OBJC_IMPLICIT_RETAIN_SELF = YES;
				CLANG_WARN_OBJC_LITERAL_CONVERSION = YES;
				CLANG_WARN_OBJC_ROOT_CLASS = YES_ERROR;
				CLANG_WARN_QUOTED_INCLUDE_IN_FRAMEWORK_HEADER = YES;
				CLANG_WARN_RANGE_LOOP_ANALYSIS = YES;
				CLANG_WARN_STRICT_PROTOTYPES = YES;
				CLANG_WARN_SUSPICIOUS_MOVE = YES;
				CLANG_WARN_UNGUARDED_AVAILABILITY = YES_AGGRESSIVE;
				CLANG_WARN_UNREACHABLE_CODE = YES;
				CLANG_WARN__DUPLICATE_METHOD_MATCH = YES;
				COPY_PHASE_STRIP = NO;
				DEBUG_INFORMATION_FORMAT = "dwarf-with-dsym";
				ENABLE_NS_ASSERTIONS = NO;
				ENABLE_STRICT_OBJC_MSGSEND = YES;
				ENABLE_USER_SCRIPT_SANDBOXING = YES;
				GCC_C_LANGUAGE_STANDARD = gnu17;
				GCC_NO_COMMON_BLOCKS = YES;
				GCC_WARN_64_TO_32_BIT_CONVERSION = YES;
				GCC_WARN_ABOUT_RETURN_TYPE = YES_ERROR;
				GCC_WARN_UNDECLARED_SELECTOR = YES;
				GCC_WARN_UNINITIALIZED_AUTOS = YES_AGGRESSIVE;
				GCC_WARN_UNUSED_FUNCTION = YES;
				GCC_WARN_UNUSED_VARIABLE = YES;
				IPHONEOS_DEPLOYMENT_TARGET = 18.0;
				LOCALIZATION_PREFERS_STRING_CATALOGS = YES;
				MTL_ENABLE_DEBUG_INFO = NO;
				MTL_FAST_MATH = YES;
				SDKROOT = iphoneos;
				SWIFT_COMPILATION_MODE = wholemodule;
				VALIDATE_PRODUCT = YES;
			};
			name = Release;
		};
		F29D9AEA2C2FC8A500F30232 /* Debug */ = {
			isa = XCBuildConfiguration;
			buildSettings = {
				ASSETCATALOG_COMPILER_APPICON_NAME = AppIcon;
				ASSETCATALOG_COMPILER_GLOBAL_ACCENT_COLOR_NAME = AccentColor;
				CODE_SIGN_STYLE = Automatic;
				CURRENT_PROJECT_VERSION = 1;
				DEVELOPMENT_ASSET_PATHS = "\"COOLAPP/Preview Content\"";
				ENABLE_PREVIEWS = YES;
				GENERATE_INFOPLIST_FILE = YES;
				INFOPLIST_KEY_UIApplicationSceneManifest_Generation = YES;
				INFOPLIST_KEY_UIApplicationSupportsIndirectInputEvents = YES;
				INFOPLIST_KEY_UILaunchScreen_Generation = YES;
				INFOPLIST_KEY_UISupportedInterfaceOrientations_iPad = "UIInterfaceOrientationPortrait UIInterfaceOrientationPortraitUpsideDown UIInterfaceOrientationLandscapeLeft UIInterfaceOrientationLandscapeRight";
				INFOPLIST_KEY_UISupportedInterfaceOrientations_iPhone = "UIInterfaceOrientationPortrait UIInterfaceOrientationLandscapeLeft UIInterfaceOrientationLandscapeRight";
				LD_RUNPATH_SEARCH_PATHS = (
					"$(inherited)",
					"@executable_path/Frameworks",
				);
				MARKETING_VERSION = 1.0;
				PRODUCT_BUNDLE_IDENTIFIER = com.shady.COOLAPP;
				PRODUCT_NAME = "$(TARGET_NAME)";
				SWIFT_EMIT_LOC_STRINGS = YES;
				SWIFT_VERSION = 5.0;
				TARGETED_DEVICE_FAMILY = "1,2";
			};
			name = Debug;
		};
		F29D9AEB2C2FC8A500F30232 /* Release */ = {
			isa = XCBuildConfiguration;
			buildSettings = {
				ASSETCATALOG_COMPILER_APPICON_NAME = AppIcon;
				ASSETCATALOG_COMPILER_GLOBAL_ACCENT_COLOR_NAME = AccentColor;
				CODE_SIGN_STYLE = Automatic;
				CURRENT_PROJECT_VERSION = 1;
				DEVELOPMENT_ASSET_PATHS = "\"COOLAPP/Preview Content\"";
				ENABLE_PREVIEWS = YES;
				GENERATE_INFOPLIST_FILE = YES;
				INFOPLIST_KEY_UIApplicationSceneManifest_Generation = YES;
				INFOPLIST_KEY_UIApplicationSupportsIndirectInputEvents = YES;
				INFOPLIST_KEY_UILaunchScreen_Generation = YES;
				INFOPLIST_KEY_UISupportedInterfaceOrientations_iPad = "UIInterfaceOrientationPortrait UIInterfaceOrientationPortraitUpsideDown UIInterfaceOrientationLandscapeLeft UIInterfaceOrientationLandscapeRight";
				INFOPLIST_KEY_UISupportedInterfaceOrientations_iPhone = "UIInterfaceOrientationPortrait UIInterfaceOrientationLandscapeLeft UIInterfaceOrientationLandscapeRight";
				LD_RUNPATH_SEARCH_PATHS = (
					"$(inherited)",
					"@executable_path/Frameworks",
				);
				MARKETING_VERSION = 1.0;
				PRODUCT_BUNDLE_IDENTIFIER = com.shady.COOLAPP;
				PRODUCT_NAME = "$(TARGET_NAME)";
				SWIFT_EMIT_LOC_STRINGS = YES;
				SWIFT_VERSION = 5.0;
				TARGETED_DEVICE_FAMILY = "1,2";
			};
			name = Release;
		};
		F29D9AED2C2FC8A500F30232 /* Debug */ = {
			isa = XCBuildConfiguration;
			buildSettings = {
				BUNDLE_LOADER = "$(TEST_HOST)";
				CODE_SIGN_STYLE = Automatic;
				CURRENT_PROJECT_VERSION = 1;
				GENERATE_INFOPLIST_FILE = YES;
				IPHONEOS_DEPLOYMENT_TARGET = 18.0;
				MARKETING_VERSION = 1.0;
				PRODUCT_BUNDLE_IDENTIFIER = com.shady.COOLAPPTests;
				PRODUCT_NAME = "$(TARGET_NAME)";
				SWIFT_EMIT_LOC_STRINGS = NO;
				SWIFT_VERSION = 5.0;
				TARGETED_DEVICE_FAMILY = "1,2";
				TEST_HOST = "$(BUILT_PRODUCTS_DIR)/COOLAPP.app/$(BUNDLE_EXECUTABLE_FOLDER_PATH)/COOLAPP";
			};
			name = Debug;
		};
		F29D9AEE2C2FC8A500F30232 /* Release */ = {
			isa = XCBuildConfiguration;
			buildSettings = {
				BUNDLE_LOADER = "$(TEST_HOST)";
				CODE_SIGN_STYLE = Automatic;
				CURRENT_PROJECT_VERSION = 1;
				GENERATE_INFOPLIST_FILE = YES;
				IPHONEOS_DEPLOYMENT_TARGET = 18.0;
				MARKETING_VERSION = 1.0;
				PRODUCT_BUNDLE_IDENTIFIER = com.shady.COOLAPPTests;
				PRODUCT_NAME = "$(TARGET_NAME)";
				SWIFT_EMIT_LOC_STRINGS = NO;
				SWIFT_VERSION = 5.0;
				TARGETED_DEVICE_FAMILY = "1,2";
				TEST_HOST = "$(BUILT_PRODUCTS_DIR)/COOLAPP.app/$(BUNDLE_EXECUTABLE_FOLDER_PATH)/COOLAPP";
			};
			name = Release;
		};
		F29D9AF02C2FC8A500F30232 /* Debug */ = {
			isa = XCBuildConfiguration;
			buildSettings = {
				CODE_SIGN_STYLE = Automatic;
				CURRENT_PROJECT_VERSION = 1;
				GENERATE_INFOPLIST_FILE = YES;
				MARKETING_VERSION = 1.0;
				PRODUCT_BUNDLE_IDENTIFIER = com.shady.COOLAPPUITests;
				PRODUCT_NAME = "$(TARGET_NAME)";
				SWIFT_EMIT_LOC_STRINGS = NO;
				SWIFT_VERSION = 5.0;
				TARGETED_DEVICE_FAMILY = "1,2";
				TEST_TARGET_NAME = COOLAPP;
			};
			name = Debug;
		};
		F29D9AF12C2FC8A500F30232 /* Release */ = {
			isa = XCBuildConfiguration;
			buildSettings = {
				CODE_SIGN_STYLE = Automatic;
				CURRENT_PROJECT_VERSION = 1;
				GENERATE_INFOPLIST_FILE = YES;
				MARKETING_VERSION = 1.0;
				PRODUCT_BUNDLE_IDENTIFIER = com.shady.COOLAPPUITests;
				PRODUCT_NAME = "$(TARGET_NAME)";
				SWIFT_EMIT_LOC_STRINGS = NO;
				SWIFT_VERSION = 5.0;
				TARGETED_DEVICE_FAMILY = "1,2";
				TEST_TARGET_NAME = COOLAPP;
			};
			name = Release;
		};
/* End XCBuildConfiguration section */

/* Begin XCConfigurationList section */
		F29D9AC02C2FC8A200F30232 /* Build configuration list for PBXProject "COOLAPP" */ = {
			isa = XCConfigurationList;
			buildConfigurations = (
				F29D9AE72C2FC8A500F30232 /* Debug */,
				F29D9AE82C2FC8A500F30232 /* Release */,
			);
			defaultConfigurationIsVisible = 0;
			defaultConfigurationName = Release;
		};
		F29D9AE92C2FC8A500F30232 /* Build configuration list for PBXNativeTarget "COOLAPP" */ = {
			isa = XCConfigurationList;
			buildConfigurations = (
				F29D9AEA2C2FC8A500F30232 /* Debug */,
				F29D9AEB2C2FC8A500F30232 /* Release */,
			);
			defaultConfigurationIsVisible = 0;
			defaultConfigurationName = Release;
		};
		F29D9AEC2C2FC8A500F30232 /* Build configuration list for PBXNativeTarget "COOLAPPTests" */ = {
			isa = XCConfigurationList;
			buildConfigurations = (
				F29D9AED2C2FC8A500F30232 /* Debug */,
				F29D9AEE2C2FC8A500F30232 /* Release */,
			);
			defaultConfigurationIsVisible = 0;
			defaultConfigurationName = Release;
		};
		F29D9AEF2C2FC8A500F30232 /* Build configuration list for PBXNativeTarget "COOLAPPUITests" */ = {
			isa = XCConfigurationList;
			buildConfigurations = (
				F29D9AF02C2FC8A500F30232 /* Debug */,
				F29D9AF12C2FC8A500F30232 /* Release */,
			);
			defaultConfigurationIsVisible = 0;
			defaultConfigurationName = Release;
		};
/* End XCConfigurationList section */
	};
	rootObject = F29D9ABD2C2FC8A200F30232 /* Project object */;
}
